
Microsoft Visual Studio Solution File, Format Version 12.00
# Visual Studio 15
VisualStudioVersion = 15.0.27130.2027
MinimumVisualStudioVersion = 10.0.40219.1
Project("{FAE04EC0-301F-11D3-BF4B-00C04F79EFBC}") = "Mod2_Lab3", "Mod2_Lab3\Mod2_Lab3.csproj", "{BB9EA8D7-3822-4B8B-84FA-1B9F90563A5B}"
EndProject
Global
	GlobalSection(SolutionConfigurationPlatforms) = preSolution
		Debug|Any CPU = Debug|Any CPU
		Release|Any CPU = Release|Any CPU
	EndGlobalSection
	GlobalSection(ProjectConfigurationPlatforms) = postSolution
		{BB9EA8D7-3822-4B8B-84FA-1B9F90563A5B}.Debug|Any CPU.ActiveCfg = Debug|Any CPU
		{BB9EA8D7-3822-4B8B-84FA-1B9F90563A5B}.Debug|Any CPU.Build.0 = Debug|Any CPU
		{BB9EA8D7-3822-4B8B-84FA-1B9F90563A5B}.Release|Any CPU.ActiveCfg = Release|Any CPU
		{BB9EA8D7-3822-4B8B-84FA-1B9F90563A5B}.Release|Any CPU.Build.0 = Release|Any CPU
	EndGlobalSection
	GlobalSection(SolutionProperties) = preSolution
		HideSolutionNode = FALSE
	EndGlobalSection
	GlobalSection(ExtensibilityGlobals) = postSolution
		SolutionGuid = {D203AC44-141D-4724-8C0F-343335935577}
	EndGlobalSection
EndGlobal
