
Microsoft Visual Studio Solution File, Format Version 12.00
# Visual Studio 15
VisualStudioVersion = 15.0.27130.2027
MinimumVisualStudioVersion = 10.0.40219.1
Project("{FAE04EC0-301F-11D3-BF4B-00C04F79EFBC}") = "Mod3_Lab1", "Mod3_Lab1\Mod3_Lab1.csproj", "{80287A20-BE3C-4E88-8EFD-26AD32E3B119}"
EndProject
Global
	GlobalSection(SolutionConfigurationPlatforms) = preSolution
		Debug|Any CPU = Debug|Any CPU
		Release|Any CPU = Release|Any CPU
	EndGlobalSection
	GlobalSection(ProjectConfigurationPlatforms) = postSolution
		{80287A20-BE3C-4E88-8EFD-26AD32E3B119}.Debug|Any CPU.ActiveCfg = Debug|Any CPU
		{80287A20-BE3C-4E88-8EFD-26AD32E3B119}.Debug|Any CPU.Build.0 = Debug|Any CPU
		{80287A20-BE3C-4E88-8EFD-26AD32E3B119}.Release|Any CPU.ActiveCfg = Release|Any CPU
		{80287A20-BE3C-4E88-8EFD-26AD32E3B119}.Release|Any CPU.Build.0 = Release|Any CPU
	EndGlobalSection
	GlobalSection(SolutionProperties) = preSolution
		HideSolutionNode = FALSE
	EndGlobalSection
	GlobalSection(ExtensibilityGlobals) = postSolution
		SolutionGuid = {8D22503F-CA7F-47A8-9C43-B60238026045}
	EndGlobalSection
EndGlobal
